
Microsoft Visual Studio Solution File, Format Version 12.00
# Visual Studio Version 17
VisualStudioVersion = 17.4.33213.308
MinimumVisualStudioVersion = 10.0.40219.1
Project("{FAE04EC0-301F-11D3-BF4B-00C04F79EFBC}") = "Movie rental", "Movie rental\Movie rental.csproj", "{25A584FA-8223-4A24-9EE7-EEF4815BADE2}"
EndProject
Global
	GlobalSection(SolutionConfigurationPlatforms) = preSolution
		Debug|Any CPU = Debug|Any CPU
		Release|Any CPU = Release|Any CPU
	EndGlobalSection
	GlobalSection(ProjectConfigurationPlatforms) = postSolution
		{25A584FA-8223-4A24-9EE7-EEF4815BADE2}.Debug|Any CPU.ActiveCfg = Debug|Any CPU
		{25A584FA-8223-4A24-9EE7-EEF4815BADE2}.Debug|Any CPU.Build.0 = Debug|Any CPU
		{25A584FA-8223-4A24-9EE7-EEF4815BADE2}.Release|Any CPU.ActiveCfg = Release|Any CPU
		{25A584FA-8223-4A24-9EE7-EEF4815BADE2}.Release|Any CPU.Build.0 = Release|Any CPU
	EndGlobalSection
	GlobalSection(SolutionProperties) = preSolution
		HideSolutionNode = FALSE
	EndGlobalSection
	GlobalSection(ExtensibilityGlobals) = postSolution
		SolutionGuid = {9BF58ABE-18E3-4F94-8EB8-62E4FDB5596A}
	EndGlobalSection
EndGlobal
